
Microsoft Visual Studio Solution File, Format Version 12.00
# Visual Studio Version 17
VisualStudioVersion = 17.3.32929.385
MinimumVisualStudioVersion = 10.0.40219.1
Project("{FAE04EC0-301F-11D3-BF4B-00C04F79EFBC}") = "MoviePedia", "MoviePedia\MoviePedia.csproj", "{850A841A-F07A-4ED0-A673-53902AD76C9D}"
EndProject
Project("{FAE04EC0-301F-11D3-BF4B-00C04F79EFBC}") = "MoviesPediaDataAccessLibrary", "MoviesPediaDataAccessLibrary\MoviesPediaDataAccessLibrary.csproj", "{F7175A11-62FC-438C-8FBD-68506EE1C662}"
EndProject
Global
	GlobalSection(SolutionConfigurationPlatforms) = preSolution
		Debug|Any CPU = Debug|Any CPU
		Release|Any CPU = Release|Any CPU
	EndGlobalSection
	GlobalSection(ProjectConfigurationPlatforms) = postSolution
		{850A841A-F07A-4ED0-A673-53902AD76C9D}.Debug|Any CPU.ActiveCfg = Debug|Any CPU
		{850A841A-F07A-4ED0-A673-53902AD76C9D}.Debug|Any CPU.Build.0 = Debug|Any CPU
		{850A841A-F07A-4ED0-A673-53902AD76C9D}.Release|Any CPU.ActiveCfg = Release|Any CPU
		{850A841A-F07A-4ED0-A673-53902AD76C9D}.Release|Any CPU.Build.0 = Release|Any CPU
		{F7175A11-62FC-438C-8FBD-68506EE1C662}.Debug|Any CPU.ActiveCfg = Debug|Any CPU
		{F7175A11-62FC-438C-8FBD-68506EE1C662}.Debug|Any CPU.Build.0 = Debug|Any CPU
		{F7175A11-62FC-438C-8FBD-68506EE1C662}.Release|Any CPU.ActiveCfg = Release|Any CPU
		{F7175A11-62FC-438C-8FBD-68506EE1C662}.Release|Any CPU.Build.0 = Release|Any CPU
	EndGlobalSection
	GlobalSection(SolutionProperties) = preSolution
		HideSolutionNode = FALSE
	EndGlobalSection
	GlobalSection(ExtensibilityGlobals) = postSolution
		SolutionGuid = {0660874E-0CDF-4481-9D41-45D82099893B}
	EndGlobalSection
EndGlobal
